
Microsoft Visual Studio Solution File, Format Version 12.00
# Visual Studio 15
VisualStudioVersion = 15.0.27428.2015
MinimumVisualStudioVersion = 10.0.40219.1
Project("{FAE04EC0-301F-11D3-BF4B-00C04F79EFBC}") = "Hrab", "Hrab\Hrab.csproj", "{31623A6A-9564-4527-9B35-FBAABBA9A81D}"
EndProject
Project("{FAE04EC0-301F-11D3-BF4B-00C04F79EFBC}") = "UnitTestSorting", "UnitTestSorting\UnitTestSorting.csproj", "{DC8C6364-9462-4854-923E-99E00FD3B305}"
EndProject
Global
	GlobalSection(SolutionConfigurationPlatforms) = preSolution
		Debug|Any CPU = Debug|Any CPU
		Debug|ARM = Debug|ARM
		Debug|x64 = Debug|x64
		Debug|x86 = Debug|x86
		Release|Any CPU = Release|Any CPU
		Release|ARM = Release|ARM
		Release|x64 = Release|x64
		Release|x86 = Release|x86
	EndGlobalSection
	GlobalSection(ProjectConfigurationPlatforms) = postSolution
		{31623A6A-9564-4527-9B35-FBAABBA9A81D}.Debug|Any CPU.ActiveCfg = Debug|Any CPU
		{31623A6A-9564-4527-9B35-FBAABBA9A81D}.Debug|Any CPU.Build.0 = Debug|Any CPU
		{31623A6A-9564-4527-9B35-FBAABBA9A81D}.Debug|ARM.ActiveCfg = Debug|Any CPU
		{31623A6A-9564-4527-9B35-FBAABBA9A81D}.Debug|ARM.Build.0 = Debug|Any CPU
		{31623A6A-9564-4527-9B35-FBAABBA9A81D}.Debug|x64.ActiveCfg = Debug|Any CPU
		{31623A6A-9564-4527-9B35-FBAABBA9A81D}.Debug|x64.Build.0 = Debug|Any CPU
		{31623A6A-9564-4527-9B35-FBAABBA9A81D}.Debug|x86.ActiveCfg = Debug|Any CPU
		{31623A6A-9564-4527-9B35-FBAABBA9A81D}.Debug|x86.Build.0 = Debug|Any CPU
		{31623A6A-9564-4527-9B35-FBAABBA9A81D}.Release|Any CPU.ActiveCfg = Release|Any CPU
		{31623A6A-9564-4527-9B35-FBAABBA9A81D}.Release|Any CPU.Build.0 = Release|Any CPU
		{31623A6A-9564-4527-9B35-FBAABBA9A81D}.Release|ARM.ActiveCfg = Release|Any CPU
		{31623A6A-9564-4527-9B35-FBAABBA9A81D}.Release|ARM.Build.0 = Release|Any CPU
		{31623A6A-9564-4527-9B35-FBAABBA9A81D}.Release|x64.ActiveCfg = Release|Any CPU
		{31623A6A-9564-4527-9B35-FBAABBA9A81D}.Release|x64.Build.0 = Release|Any CPU
		{31623A6A-9564-4527-9B35-FBAABBA9A81D}.Release|x86.ActiveCfg = Release|Any CPU
		{31623A6A-9564-4527-9B35-FBAABBA9A81D}.Release|x86.Build.0 = Release|Any CPU
		{DC8C6364-9462-4854-923E-99E00FD3B305}.Debug|Any CPU.ActiveCfg = Debug|Any CPU
		{DC8C6364-9462-4854-923E-99E00FD3B305}.Debug|Any CPU.Build.0 = Debug|Any CPU
		{DC8C6364-9462-4854-923E-99E00FD3B305}.Debug|ARM.ActiveCfg = Debug|Any CPU
		{DC8C6364-9462-4854-923E-99E00FD3B305}.Debug|ARM.Build.0 = Debug|Any CPU
		{DC8C6364-9462-4854-923E-99E00FD3B305}.Debug|x64.ActiveCfg = Debug|Any CPU
		{DC8C6364-9462-4854-923E-99E00FD3B305}.Debug|x64.Build.0 = Debug|Any CPU
		{DC8C6364-9462-4854-923E-99E00FD3B305}.Debug|x86.ActiveCfg = Debug|Any CPU
		{DC8C6364-9462-4854-923E-99E00FD3B305}.Debug|x86.Build.0 = Debug|Any CPU
		{DC8C6364-9462-4854-923E-99E00FD3B305}.Release|Any CPU.ActiveCfg = Release|Any CPU
		{DC8C6364-9462-4854-923E-99E00FD3B305}.Release|Any CPU.Build.0 = Release|Any CPU
		{DC8C6364-9462-4854-923E-99E00FD3B305}.Release|ARM.ActiveCfg = Release|Any CPU
		{DC8C6364-9462-4854-923E-99E00FD3B305}.Release|ARM.Build.0 = Release|Any CPU
		{DC8C6364-9462-4854-923E-99E00FD3B305}.Release|x64.ActiveCfg = Release|Any CPU
		{DC8C6364-9462-4854-923E-99E00FD3B305}.Release|x64.Build.0 = Release|Any CPU
		{DC8C6364-9462-4854-923E-99E00FD3B305}.Release|x86.ActiveCfg = Release|Any CPU
		{DC8C6364-9462-4854-923E-99E00FD3B305}.Release|x86.Build.0 = Release|Any CPU
	EndGlobalSection
	GlobalSection(SolutionProperties) = preSolution
		HideSolutionNode = FALSE
	EndGlobalSection
	GlobalSection(ExtensibilityGlobals) = postSolution
		SolutionGuid = {2F34D2E1-2EED-4413-8F52-01587B8C9879}
	EndGlobalSection
EndGlobal
